{
  "name": "election-2016",
  "version": "1.0.0",
  "lockfileVersion": 1,
  "requires": true,
  "dependencies": {
    "@types/arcgis-js-api": {
      "version": "http://jscore.esri.com/javascript/latest/api-reference/typings/arcgis-js-api-4.17.tgz",
      "integrity": "sha512-bC444+vK0DRDsj0R3vxUa3999rpOtRZgXlnnw7YGqK7fN3HWN1gUZvsL1qg/S1Wid6qN8tMuRVSPlVleFMHffw==",
      "dev": true
    }
  }
}
